
Microsoft Visual Studio Solution File, Format Version 12.00
# Visual Studio Version 16
VisualStudioVersion = 16.6.30114.105
MinimumVisualStudioVersion = 10.0.40219.1
Project("{FAE04EC0-301F-11D3-BF4B-00C04F79EFBC}") = "API", "API\API.csproj", "{2E23527F-D7B8-4BB3-B8E1-10DCE273C773}"
EndProject
Project("{FAE04EC0-301F-11D3-BF4B-00C04F79EFBC}") = "Application", "Application\Application.csproj", "{5E21C129-D989-4F62-94DB-D1669D7B32FB}"
EndProject
Project("{FAE04EC0-301F-11D3-BF4B-00C04F79EFBC}") = "Domain", "Domain\Domain.csproj", "{0C19157D-E13B-4AF1-9D62-7B8A0142029A}"
EndProject
Project("{FAE04EC0-301F-11D3-BF4B-00C04F79EFBC}") = "Persistence", "Persistence\Persistence.csproj", "{4351CF08-96CE-43F5-B872-B3BEABDB890E}"
EndProject
Global
	GlobalSection(SolutionConfigurationPlatforms) = preSolution
		Debug|Any CPU = Debug|Any CPU
		Debug|x64 = Debug|x64
		Debug|x86 = Debug|x86
		Release|Any CPU = Release|Any CPU
		Release|x64 = Release|x64
		Release|x86 = Release|x86
	EndGlobalSection
	GlobalSection(SolutionProperties) = preSolution
		HideSolutionNode = FALSE
	EndGlobalSection
	GlobalSection(ProjectConfigurationPlatforms) = postSolution
		{2E23527F-D7B8-4BB3-B8E1-10DCE273C773}.Debug|Any CPU.ActiveCfg = Debug|Any CPU
		{2E23527F-D7B8-4BB3-B8E1-10DCE273C773}.Debug|Any CPU.Build.0 = Debug|Any CPU
		{2E23527F-D7B8-4BB3-B8E1-10DCE273C773}.Debug|x64.ActiveCfg = Debug|Any CPU
		{2E23527F-D7B8-4BB3-B8E1-10DCE273C773}.Debug|x64.Build.0 = Debug|Any CPU
		{2E23527F-D7B8-4BB3-B8E1-10DCE273C773}.Debug|x86.ActiveCfg = Debug|Any CPU
		{2E23527F-D7B8-4BB3-B8E1-10DCE273C773}.Debug|x86.Build.0 = Debug|Any CPU
		{2E23527F-D7B8-4BB3-B8E1-10DCE273C773}.Release|Any CPU.ActiveCfg = Release|Any CPU
		{2E23527F-D7B8-4BB3-B8E1-10DCE273C773}.Release|Any CPU.Build.0 = Release|Any CPU
		{2E23527F-D7B8-4BB3-B8E1-10DCE273C773}.Release|x64.ActiveCfg = Release|Any CPU
		{2E23527F-D7B8-4BB3-B8E1-10DCE273C773}.Release|x64.Build.0 = Release|Any CPU
		{2E23527F-D7B8-4BB3-B8E1-10DCE273C773}.Release|x86.ActiveCfg = Release|Any CPU
		{2E23527F-D7B8-4BB3-B8E1-10DCE273C773}.Release|x86.Build.0 = Release|Any CPU
		{5E21C129-D989-4F62-94DB-D1669D7B32FB}.Debug|Any CPU.ActiveCfg = Debug|Any CPU
		{5E21C129-D989-4F62-94DB-D1669D7B32FB}.Debug|Any CPU.Build.0 = Debug|Any CPU
		{5E21C129-D989-4F62-94DB-D1669D7B32FB}.Debug|x64.ActiveCfg = Debug|Any CPU
		{5E21C129-D989-4F62-94DB-D1669D7B32FB}.Debug|x64.Build.0 = Debug|Any CPU
		{5E21C129-D989-4F62-94DB-D1669D7B32FB}.Debug|x86.ActiveCfg = Debug|Any CPU
		{5E21C129-D989-4F62-94DB-D1669D7B32FB}.Debug|x86.Build.0 = Debug|Any CPU
		{5E21C129-D989-4F62-94DB-D1669D7B32FB}.Release|Any CPU.ActiveCfg = Release|Any CPU
		{5E21C129-D989-4F62-94DB-D1669D7B32FB}.Release|Any CPU.Build.0 = Release|Any CPU
		{5E21C129-D989-4F62-94DB-D1669D7B32FB}.Release|x64.ActiveCfg = Release|Any CPU
		{5E21C129-D989-4F62-94DB-D1669D7B32FB}.Release|x64.Build.0 = Release|Any CPU
		{5E21C129-D989-4F62-94DB-D1669D7B32FB}.Release|x86.ActiveCfg = Release|Any CPU
		{5E21C129-D989-4F62-94DB-D1669D7B32FB}.Release|x86.Build.0 = Release|Any CPU
		{0C19157D-E13B-4AF1-9D62-7B8A0142029A}.Debug|Any CPU.ActiveCfg = Debug|Any CPU
		{0C19157D-E13B-4AF1-9D62-7B8A0142029A}.Debug|Any CPU.Build.0 = Debug|Any CPU
		{0C19157D-E13B-4AF1-9D62-7B8A0142029A}.Debug|x64.ActiveCfg = Debug|Any CPU
		{0C19157D-E13B-4AF1-9D62-7B8A0142029A}.Debug|x64.Build.0 = Debug|Any CPU
		{0C19157D-E13B-4AF1-9D62-7B8A0142029A}.Debug|x86.ActiveCfg = Debug|Any CPU
		{0C19157D-E13B-4AF1-9D62-7B8A0142029A}.Debug|x86.Build.0 = Debug|Any CPU
		{0C19157D-E13B-4AF1-9D62-7B8A0142029A}.Release|Any CPU.ActiveCfg = Release|Any CPU
		{0C19157D-E13B-4AF1-9D62-7B8A0142029A}.Release|Any CPU.Build.0 = Release|Any CPU
		{0C19157D-E13B-4AF1-9D62-7B8A0142029A}.Release|x64.ActiveCfg = Release|Any CPU
		{0C19157D-E13B-4AF1-9D62-7B8A0142029A}.Release|x64.Build.0 = Release|Any CPU
		{0C19157D-E13B-4AF1-9D62-7B8A0142029A}.Release|x86.ActiveCfg = Release|Any CPU
		{0C19157D-E13B-4AF1-9D62-7B8A0142029A}.Release|x86.Build.0 = Release|Any CPU
		{4351CF08-96CE-43F5-B872-B3BEABDB890E}.Debug|Any CPU.ActiveCfg = Debug|Any CPU
		{4351CF08-96CE-43F5-B872-B3BEABDB890E}.Debug|Any CPU.Build.0 = Debug|Any CPU
		{4351CF08-96CE-43F5-B872-B3BEABDB890E}.Debug|x64.ActiveCfg = Debug|Any CPU
		{4351CF08-96CE-43F5-B872-B3BEABDB890E}.Debug|x64.Build.0 = Debug|Any CPU
		{4351CF08-96CE-43F5-B872-B3BEABDB890E}.Debug|x86.ActiveCfg = Debug|Any CPU
		{4351CF08-96CE-43F5-B872-B3BEABDB890E}.Debug|x86.Build.0 = Debug|Any CPU
		{4351CF08-96CE-43F5-B872-B3BEABDB890E}.Release|Any CPU.ActiveCfg = Release|Any CPU
		{4351CF08-96CE-43F5-B872-B3BEABDB890E}.Release|Any CPU.Build.0 = Release|Any CPU
		{4351CF08-96CE-43F5-B872-B3BEABDB890E}.Release|x64.ActiveCfg = Release|Any CPU
		{4351CF08-96CE-43F5-B872-B3BEABDB890E}.Release|x64.Build.0 = Release|Any CPU
		{4351CF08-96CE-43F5-B872-B3BEABDB890E}.Release|x86.ActiveCfg = Release|Any CPU
		{4351CF08-96CE-43F5-B872-B3BEABDB890E}.Release|x86.Build.0 = Release|Any CPU
	EndGlobalSection
EndGlobal
